# THIS IS AN AUTOGENERATED FILE. DO NOT EDIT THIS FILE DIRECTLY.
# yarn lockfile v1


type-fest@^4.18.2:
  version "4.18.2"
  resolved "https://registry.yarnpkg.com/type-fest/-/type-fest-4.18.2.tgz#8d765c42e7280a11f4d04fb77a00dacc417c8b05"
  integrity sha512-+suCYpfJLAe4OXS6+PPXjW3urOS4IoP9waSiLuXfLgqZODKw/aWwASvzqE886wA0kQgGy0mIWyhd87VpqIy6Xg==
